
Microsoft Visual Studio Solution File, Format Version 12.00
# Visual Studio Version 16
VisualStudioVersion = 16.0.30907.101
MinimumVisualStudioVersion = 10.0.40219.1
Project("{FAE04EC0-301F-11D3-BF4B-00C04F79EFBC}") = "Stock_ASP_API", "Stock_ASP_API\Stock_ASP_API.csproj", "{43AF738A-7338-4C45-A471-B10E61956A5C}"
EndProject
Global
	GlobalSection(SolutionConfigurationPlatforms) = preSolution
		Debug|Any CPU = Debug|Any CPU
		Release|Any CPU = Release|Any CPU
	EndGlobalSection
	GlobalSection(ProjectConfigurationPlatforms) = postSolution
		{43AF738A-7338-4C45-A471-B10E61956A5C}.Debug|Any CPU.ActiveCfg = Debug|Any CPU
		{43AF738A-7338-4C45-A471-B10E61956A5C}.Debug|Any CPU.Build.0 = Debug|Any CPU
		{43AF738A-7338-4C45-A471-B10E61956A5C}.Release|Any CPU.ActiveCfg = Release|Any CPU
		{43AF738A-7338-4C45-A471-B10E61956A5C}.Release|Any CPU.Build.0 = Release|Any CPU
	EndGlobalSection
	GlobalSection(SolutionProperties) = preSolution
		HideSolutionNode = FALSE
	EndGlobalSection
	GlobalSection(ExtensibilityGlobals) = postSolution
		SolutionGuid = {85CAAE5B-F11C-4084-A121-BBEC6015F01C}
	EndGlobalSection
EndGlobal
